
Microsoft Visual Studio Solution File, Format Version 12.00
# Visual Studio Version 16
VisualStudioVersion = 16.0.30907.101
MinimumVisualStudioVersion = 10.0.40219.1
Project("{FAE04EC0-301F-11D3-BF4B-00C04F79EFBC}") = "ToyRobotChallenge", "ToyRobotChallenge\ToyRobotChallenge.csproj", "{E022665A-660D-4678-BA92-05676E88ACA1}"
EndProject
Project("{FAE04EC0-301F-11D3-BF4B-00C04F79EFBC}") = "ToyRobotChallengeTests", "ToyRobotChallengeTests\ToyRobotChallengeTests.csproj", "{AC93D7A6-EDE2-4A16-B40F-EAFD58DE9B32}"
EndProject
Global
	GlobalSection(SolutionConfigurationPlatforms) = preSolution
		Debug|Any CPU = Debug|Any CPU
		Release|Any CPU = Release|Any CPU
	EndGlobalSection
	GlobalSection(ProjectConfigurationPlatforms) = postSolution
		{E022665A-660D-4678-BA92-05676E88ACA1}.Debug|Any CPU.ActiveCfg = Debug|Any CPU
		{E022665A-660D-4678-BA92-05676E88ACA1}.Debug|Any CPU.Build.0 = Debug|Any CPU
		{E022665A-660D-4678-BA92-05676E88ACA1}.Release|Any CPU.ActiveCfg = Release|Any CPU
		{E022665A-660D-4678-BA92-05676E88ACA1}.Release|Any CPU.Build.0 = Release|Any CPU
		{AC93D7A6-EDE2-4A16-B40F-EAFD58DE9B32}.Debug|Any CPU.ActiveCfg = Debug|Any CPU
		{AC93D7A6-EDE2-4A16-B40F-EAFD58DE9B32}.Debug|Any CPU.Build.0 = Debug|Any CPU
		{AC93D7A6-EDE2-4A16-B40F-EAFD58DE9B32}.Release|Any CPU.ActiveCfg = Release|Any CPU
		{AC93D7A6-EDE2-4A16-B40F-EAFD58DE9B32}.Release|Any CPU.Build.0 = Release|Any CPU
	EndGlobalSection
	GlobalSection(SolutionProperties) = preSolution
		HideSolutionNode = FALSE
	EndGlobalSection
	GlobalSection(ExtensibilityGlobals) = postSolution
		SolutionGuid = {3391DCB4-B2C7-4C37-A568-42C7C50B5F37}
	EndGlobalSection
EndGlobal
